
Microsoft Visual Studio Solution File, Format Version 12.00
# Visual Studio Version 16
VisualStudioVersion = 16.0.30907.101
MinimumVisualStudioVersion = 10.0.40219.1
Project("{FAE04EC0-301F-11D3-BF4B-00C04F79EFBC}") = "VisualStudio2019CSharpGitDemo", "VisualStudio2019CSharpGitDemo.csproj", "{DE3FD347-901E-4563-B96D-929A8E3A4F76}"
EndProject
Global
	GlobalSection(SolutionConfigurationPlatforms) = preSolution
		Debug|Any CPU = Debug|Any CPU
		Release|Any CPU = Release|Any CPU
	EndGlobalSection
	GlobalSection(ProjectConfigurationPlatforms) = postSolution
		{DE3FD347-901E-4563-B96D-929A8E3A4F76}.Debug|Any CPU.ActiveCfg = Debug|Any CPU
		{DE3FD347-901E-4563-B96D-929A8E3A4F76}.Debug|Any CPU.Build.0 = Debug|Any CPU
		{DE3FD347-901E-4563-B96D-929A8E3A4F76}.Release|Any CPU.ActiveCfg = Release|Any CPU
		{DE3FD347-901E-4563-B96D-929A8E3A4F76}.Release|Any CPU.Build.0 = Release|Any CPU
	EndGlobalSection
	GlobalSection(SolutionProperties) = preSolution
		HideSolutionNode = FALSE
	EndGlobalSection
	GlobalSection(ExtensibilityGlobals) = postSolution
		SolutionGuid = {436D9FD6-CBEA-4E19-BE72-631F5411094E}
	EndGlobalSection
EndGlobal
